
Microsoft Visual Studio Solution File, Format Version 12.00
# Visual Studio Version 16
VisualStudioVersion = 16.0.29326.143
MinimumVisualStudioVersion = 10.0.40219.1
Project("{FAE04EC0-301F-11D3-BF4B-00C04F79EFBC}") = "CA_LINQ_to_SQL_Getting_Started", "CA_LINQ_to_SQL_Getting_Started\CA_LINQ_to_SQL_Getting_Started.csproj", "{72292E66-FCC0-41B3-96E5-BE16491B2160}"
EndProject
Project("{FAE04EC0-301F-11D3-BF4B-00C04F79EFBC}") = "LinqConsoleApp", "LinqConsoleApp\LinqConsoleApp.csproj", "{FDAE80B2-7384-4E06-BC33-8A87D745ADA0}"
EndProject
Global
	GlobalSection(SolutionConfigurationPlatforms) = preSolution
		Debug|Any CPU = Debug|Any CPU
		Release|Any CPU = Release|Any CPU
	EndGlobalSection
	GlobalSection(ProjectConfigurationPlatforms) = postSolution
		{72292E66-FCC0-41B3-96E5-BE16491B2160}.Debug|Any CPU.ActiveCfg = Debug|Any CPU
		{72292E66-FCC0-41B3-96E5-BE16491B2160}.Debug|Any CPU.Build.0 = Debug|Any CPU
		{72292E66-FCC0-41B3-96E5-BE16491B2160}.Release|Any CPU.ActiveCfg = Release|Any CPU
		{72292E66-FCC0-41B3-96E5-BE16491B2160}.Release|Any CPU.Build.0 = Release|Any CPU
		{FDAE80B2-7384-4E06-BC33-8A87D745ADA0}.Debug|Any CPU.ActiveCfg = Debug|Any CPU
		{FDAE80B2-7384-4E06-BC33-8A87D745ADA0}.Debug|Any CPU.Build.0 = Debug|Any CPU
		{FDAE80B2-7384-4E06-BC33-8A87D745ADA0}.Release|Any CPU.ActiveCfg = Release|Any CPU
		{FDAE80B2-7384-4E06-BC33-8A87D745ADA0}.Release|Any CPU.Build.0 = Release|Any CPU
	EndGlobalSection
	GlobalSection(SolutionProperties) = preSolution
		HideSolutionNode = FALSE
	EndGlobalSection
	GlobalSection(ExtensibilityGlobals) = postSolution
		SolutionGuid = {4780650F-49D7-402C-B41A-3B0F588EEC07}
	EndGlobalSection
EndGlobal
